
Microsoft Visual Studio Solution File, Format Version 12.00
# Visual Studio Version 17
VisualStudioVersion = 17.11.35327.3
MinimumVisualStudioVersion = 10.0.40219.1
Project("{FAE04EC0-301F-11D3-BF4B-00C04F79EFBC}") = "project_game_blazor", "project_game_blazor\project_game_blazor.csproj", "{EC97BFE7-5B3B-45D0-B619-BDFF1FC3201F}"
EndProject
Global
	GlobalSection(SolutionConfigurationPlatforms) = preSolution
		Debug|Any CPU = Debug|Any CPU
		Release|Any CPU = Release|Any CPU
	EndGlobalSection
	GlobalSection(ProjectConfigurationPlatforms) = postSolution
		{EC97BFE7-5B3B-45D0-B619-BDFF1FC3201F}.Debug|Any CPU.ActiveCfg = Debug|Any CPU
		{EC97BFE7-5B3B-45D0-B619-BDFF1FC3201F}.Debug|Any CPU.Build.0 = Debug|Any CPU
		{EC97BFE7-5B3B-45D0-B619-BDFF1FC3201F}.Release|Any CPU.ActiveCfg = Release|Any CPU
		{EC97BFE7-5B3B-45D0-B619-BDFF1FC3201F}.Release|Any CPU.Build.0 = Release|Any CPU
	EndGlobalSection
	GlobalSection(SolutionProperties) = preSolution
		HideSolutionNode = FALSE
	EndGlobalSection
	GlobalSection(ExtensibilityGlobals) = postSolution
		SolutionGuid = {41EBCE4F-7824-4152-A3FA-19BCE63DEBD4}
	EndGlobalSection
EndGlobal
